# This file is autogenerated, do not edit; changes may be undone by the next 'dep ensure'.


[[projects]]
  name = "code.cloudfoundry.org/bytefmt"
  packages = ["."]
  revision = "f4415fafc5619dd75599a54a7c91fb3948ad58bd"

[[projects]]
  name = "github.com/Azure/go-ansiterm"
  packages = [
    ".",
    "winterm"
  ]
  revision = "fa152c58bc15761d0200cb75fe958b89a9d4888e"

[[projects]]
  branch = "master"
  name = "github.com/Bowery/slack"
  packages = ["."]
  revision = "12fa50d4146c25c17ca03e924b0c563d0d4cf57b"

[[projects]]
  branch = "master"
  name = "github.com/BurntSushi/toml"
  packages = ["."]
  revision = "a368813c5e648fee92e5f6c30e3944ff9d5e8895"

[[projects]]
  name = "github.com/Microsoft/go-winio"
  packages = ["."]
  revision = "f533f7a102197536779ea3a8cb881d639e21ec5a"
  version = "v0.4.2"

[[projects]]
  branch = "master"
  name = "github.com/Nvveen/Gotty"
  packages = ["."]
  revision = "cd527374f1e5bff4938207604a14f2e38a9cf512"

[[projects]]
  name = "github.com/Sirupsen/logrus"
  packages = ["."]
  revision = "3d4380f53a34dcdc95f0c1db702615992b38d9a4"

[[projects]]
  name = "github.com/codegangsta/negroni"
  packages = ["."]
  revision = "460c5567329bbad8917f126d2b386787f48e343b"

[[projects]]
  branch = "master"
  name = "github.com/crackcomm/nsqueue"
  packages = [
    "consumer",
    "nsqlog",
    "producer"
  ]
  revision = "6ee4382f836581113c3c3a6f8ee765138add72b3"

[[projects]]
  name = "github.com/docker/docker"
  packages = [
    "api/types",
    "api/types/blkiodev",
    "api/types/container",
    "api/types/filters",
    "api/types/mount",
    "api/types/network",
    "api/types/registry",
    "api/types/strslice",
    "api/types/swarm",
    "api/types/versions",
    "opts",
    "pkg/archive",
    "pkg/fileutils",
    "pkg/homedir",
    "pkg/idtools",
    "pkg/ioutils",
    "pkg/jsonlog",
    "pkg/jsonmessage",
    "pkg/longpath",
    "pkg/mount",
    "pkg/pools",
    "pkg/promise",
    "pkg/stdcopy",
    "pkg/system",
    "pkg/term",
    "pkg/term/windows"
  ]
  revision = "3d6ab220db348d82310487e3156d445f19dc0661"

[[projects]]
  name = "github.com/docker/go-connections"
  packages = ["nat"]
  revision = "3ede32e2033de7505e6500d6c868c2b9ed9f169d"
  version = "v0.3.0"

[[projects]]
  name = "github.com/docker/go-units"
  packages = ["."]
  revision = "0dadbb0345b35ec7ef35e228dabb8de89a65bf52"
  version = "v0.3.2"

[[projects]]
  name = "github.com/fsouza/go-dockerclient"
  packages = [
    ".",
    "testing"
  ]
  revision = "4bc6a18363f79b32c26f92e2e6d8bfd30d79a770"

[[projects]]
  branch = "master"
  name = "github.com/golang/glog"
  packages = ["."]
  revision = "23def4e6c14b4da8ac2ed8007337bc5eb5007998"

[[projects]]
  name = "github.com/golang/protobuf"
  packages = ["proto"]
  revision = "925541529c1fa6821df4e44ce2723319eb2be768"
  version = "v1.0.0"

[[projects]]
  branch = "master"
  name = "github.com/golang/snappy"
  packages = ["."]
  revision = "553a641470496b2327abcac10b36396bd98e45c9"

[[projects]]
  name = "github.com/google/btree"
  packages = ["."]
  revision = "316fb6d3f031ae8f4d457c6c5186b9e3ded70435"

[[projects]]
  name = "github.com/google/go-github"
  packages = ["github"]
  revision = "7a51fb928f52a196d5f31daefb8a489453ef54ff"

[[projects]]
  branch = "master"
  name = "github.com/google/go-querystring"
  packages = ["query"]
  revision = "53e6ce116135b80d037921a7fdd5138cf32d7a8a"

[[projects]]
  branch = "master"
  name = "github.com/googollee/go-engine.io"
  packages = [
    ".",
    "message",
    "parser",
    "polling",
    "transport",
    "websocket"
  ]
  revision = "80ae0e43aca17b4c5a6834999d0f2eaa16b9afda"

[[projects]]
  branch = "master"
  name = "github.com/googollee/go-socket.io"
  packages = ["."]
  revision = "5447e71f36d394766bf855d5714a487596809f0d"

[[projects]]
  branch = "master"
  name = "github.com/gorilla/context"
  packages = ["."]
  revision = "08b5f424b9271eedf6f9f0ce86cb9396ed337a42"

[[projects]]
  name = "github.com/gorilla/mux"
  packages = ["."]
  revision = "8c683ee571b6ee7ffc9f1cafd13103c422e71cbf"

[[projects]]
  name = "github.com/gorilla/websocket"
  packages = ["."]
  revision = "ea4d1f681babbce9545c9c5f3d5194a789c89f5b"
  version = "v1.2.0"

[[projects]]
  branch = "master"
  name = "github.com/hailocab/go-hostpool"
  packages = ["."]
  revision = "e80d13ce29ede4452c43dea11e79b9bc8a15b478"

[[projects]]
  name = "github.com/hashicorp/go-cleanhttp"
  packages = ["."]
  revision = "3573b8b52aa7b37b9358d966a898feb387f62437"

[[projects]]
  branch = "master"
  name = "github.com/karlentwistle/route53"
  packages = ["."]
  revision = "65d3abfeb575415afce093f5d2b53d5216ea0b05"

[[projects]]
  branch = "master"
  name = "github.com/kolo/xmlrpc"
  packages = ["."]
  revision = "0826b98aaa29c0766956cb40d45cf7482a597671"

[[projects]]
  name = "github.com/kward/go-vnc"
  packages = [
    ".",
    "buttons",
    "encodings",
    "go/metrics",
    "keys",
    "logging",
    "messages",
    "rfbflags"
  ]
  revision = "fe3c399f9808c54a9d3c3585de537bd129dd9398"

[[projects]]
  name = "github.com/megamsys/gocassa"
  packages = ["reflect"]
  revision = "c65a96f07d0a365ecad4dec10b40662fc6c7be1e"
  version = "v1.2.0"

[[projects]]
  branch = "master"
  name = "github.com/megamsys/gocql"
  packages = [
    ".",
    "internal/lru",
    "internal/murmur",
    "internal/streams"
  ]
  revision = "6cc8c4b282a6ba012e70b8ff9da2e4457a005d59"

[[projects]]
  name = "github.com/mitchellh/mapstructure"
  packages = ["."]
  revision = "d0303fe809921458f417bcf828397a65db30a7e4"

[[projects]]
  name = "github.com/nsqio/go-nsq"
  packages = ["."]
  revision = "973bf9a2952ff7e38071ae8392b73e4418503059"

[[projects]]
  name = "github.com/opencontainers/go-digest"
  packages = ["."]
  revision = "279bed98673dd5bef374d3b6e4b09e2af76183bf"
  version = "v1.0.0-rc1"

[[projects]]
  name = "github.com/opencontainers/image-spec"
  packages = [
    "specs-go",
    "specs-go/v1"
  ]
  revision = "1b24aca6c83b826936087d56271f34fcef46c7b2"

[[projects]]
  name = "github.com/opencontainers/runc"
  packages = [
    "libcontainer/system",
    "libcontainer/user"
  ]
  revision = "429a5387123625040bacfbb60d96b1cbd02293ab"

[[projects]]
  name = "github.com/pborman/uuid"
  packages = ["."]
  revision = "e790cca94e6cc75c7064b1332e63811d4aae1a53"
  version = "v1.1"

[[projects]]
  branch = "master"
  name = "github.com/petar/GoLLRB"
  packages = ["llrb"]
  revision = "53be0d36a84c2a886ca057d34b6aa4468df9ccb4"

[[projects]]
  name = "github.com/pkg/errors"
  packages = ["."]
  revision = "c605e284fe17294bda444b34710735b29d1a9d90"

[[projects]]
  name = "github.com/plouc/go-gitlab-client"
  packages = ["."]
  revision = "e5190879681cf4b08dcd0b4084409ac3c9b5bfbc"

[[projects]]
  name = "github.com/rs/cors"
  packages = ["."]
  revision = "8dd4211afb5d08dbb39a533b9bb9e4b486351df6"
  version = "v.1.1"

[[projects]]
  branch = "master"
  name = "github.com/sajari/fuzzy"
  packages = ["."]
  revision = "243c923763cac789d1196949a834ca698dbd7a28"

[[projects]]
  name = "github.com/satori/go.uuid"
  packages = ["."]
  revision = "5bf94b69c6b68ee1b541973bb8e1144db23a194b"

[[projects]]
  name = "github.com/smartystreets/go-aws-auth"
  packages = ["."]
  revision = "8ef1316913ee4f44bc48c2456e44a5c1c68ea53b"
  version = "1.0.0"

[[projects]]
  name = "github.com/tj/go-spin"
  packages = ["."]
  revision = "866762925be273d8db6a8b816f359ca41d61bcdb"

[[projects]]
  branch = "master"
  name = "github.com/virtengine/go-radosgw"
  packages = [
    "api",
    "encodeUrl"
  ]
  revision = "eb6b7a3a3a3ae3277368a2a7c4f3c56eb12b100e"

[[projects]]
  branch = "master"
  name = "github.com/virtengine/go-rancher"
  packages = ["v2"]
  revision = "fceba25ffdb56ee6fcf9fabc73c5db6908f9f14f"

[[projects]]
  branch = "master"
  name = "github.com/virtengine/gocassa"
  packages = ["."]
  revision = "1f20528f57d946d4366bb692b3a26653941efed9"

[[projects]]
  branch = "master"
  name = "github.com/virtengine/libgo"
  packages = [
    "action",
    "api",
    "cmd",
    "db",
    "errors",
    "events",
    "events/addons",
    "events/alerts",
    "events/bills",
    "hc",
    "io",
    "os",
    "pairs",
    "safe",
    "utils",
    "utils/obc",
    "writer"
  ]
  revision = "c130b31283bb5269475939669d3ef496de441f4b"

[[projects]]
  branch = "master"
  name = "github.com/virtengine/opennebula-go"
  packages = [
    "api",
    "compute",
    "disk",
    "images",
    "metrics",
    "snapshot",
    "template",
    "testing",
    "users",
    "virtualmachine",
    "vnet"
  ]
  revision = "585488976ebf9acd071ec1bdb04758cbc32eac22"

[[projects]]
  branch = "master"
  name = "github.com/virtengine/whmcs_go"
  packages = ["whmcs"]
  revision = "95062843b21e784a4778a27060f4375fbfa1c75f"

[[projects]]
  name = "golang.org/x/crypto"
  packages = ["ssh/terminal"]
  revision = "adbae1b6b6fb4b02448a0fc0dbbc9ba2b95b294d"

[[projects]]
  name = "golang.org/x/net"
  packages = [
    "context",
    "context/ctxhttp",
    "websocket"
  ]
  revision = "8663ed5da4fd087c3cfb99a996e628b72e2f0948"

[[projects]]
  name = "golang.org/x/oauth2"
  packages = [
    ".",
    "internal"
  ]
  revision = "f047394b6d14284165300fd82dad67edb3a4d7f6"

[[projects]]
  name = "golang.org/x/sys"
  packages = [
    "unix",
    "windows"
  ]
  revision = "90796e5a05ce440b41c768bd9af257005e470461"

[[projects]]
  name = "google.golang.org/appengine"
  packages = [
    ".",
    "internal",
    "internal/app_identity",
    "internal/base",
    "internal/datastore",
    "internal/log",
    "internal/modules",
    "internal/remote_api",
    "internal/urlfetch",
    "urlfetch"
  ]
  revision = "150dc57a1b433e64154302bdc40b6bb8aefa313a"
  version = "v1.0.0"

[[projects]]
  branch = "v1"
  name = "gopkg.in/check.v1"
  packages = ["."]
  revision = "20d25e2804050c1cd24a7eea1e7a6447dd0e74ec"

[[projects]]
  name = "gopkg.in/inf.v0"
  packages = ["."]
  revision = "3887ee99ecf07df5b447e9b00d9c0b2adaa9f3e4"
  version = "v0.9.0"

[[projects]]
  name = "gopkg.in/tylerb/graceful.v1"
  packages = ["."]
  revision = "4654dfbb6ad53cb5e27f37d99b02e16c1872fbbb"
  version = "v1.2.15"

[[projects]]
  name = "gopkg.in/yaml.v2"
  packages = ["."]
  revision = "cd8b52f8269e0feb286dfeef29f8fe4d5b397e0b"

[[projects]]
  branch = "(default)"
  name = "launchpad.net/gnuflag"
  packages = ["."]
  revision = "roger.peppe@canonical.com-20150127164241-i95i710z8ju182mx"

[solve-meta]
  analyzer-name = "dep"
  analyzer-version = 1
  inputs-digest = "5b75cf3caa3b8bbbce1832a7e55d1e5123b4cedaf3188f5d5c23a1b7a63c70a6"
  solver-name = "gps-cdcl"
  solver-version = 1
